// !$*UTF8*$!
{
	archiveVersion = 1;
	classes = {
	};
	objectVersion = 56;
	objects = {

/* Begin PBXBuildFile section */
		3727E82A2B209A9300AF9725 /* AppDelegate.swift in Sources */ = {isa = PBXBuildFile; fileRef = 3727E8292B209A9300AF9725 /* AppDelegate.swift */; };
		3727E82C2B209A9300AF9725 /* SceneDelegate.swift in Sources */ = {isa = PBXBuildFile; fileRef = 3727E82B2B209A9300AF9725 /* SceneDelegate.swift */; };
		3727E82E2B209A9300AF9725 /* EventsVC.swift in Sources */ = {isa = PBXBuildFile; fileRef = 3727E82D2B209A9300AF9725 /* EventsVC.swift */; };
		3727E8342B209A9300AF9725 /* EventsCD.xcdatamodeld in Sources */ = {isa = PBXBuildFile; fileRef = 3727E8322B209A9300AF9725 /* EventsCD.xcdatamodeld */; };
		3727E8362B209A9400AF9725 /* Assets.xcassets in Resources */ = {isa = PBXBuildFile; fileRef = 3727E8352B209A9400AF9725 /* Assets.xcassets */; };
		3727E8392B209A9400AF9725 /* LaunchScreen.storyboard in Resources */ = {isa = PBXBuildFile; fileRef = 3727E8372B209A9400AF9725 /* LaunchScreen.storyboard */; };
		3727E8442B209CE700AF9725 /* EventDelegate.swift in Sources */ = {isa = PBXBuildFile; fileRef = 3727E8432B209CE700AF9725 /* EventDelegate.swift */; };
		3727E8472B209D7A00AF9725 /* EditEventVC.swift in Sources */ = {isa = PBXBuildFile; fileRef = 3727E8462B209D7A00AF9725 /* EditEventVC.swift */; };
		3727E84A2B209EF700AF9725 /* EventsTVCell.swift in Sources */ = {isa = PBXBuildFile; fileRef = 3727E8492B209EF700AF9725 /* EventsTVCell.swift */; };
		3727E84D2B20A21B00AF9725 /* UIView+Pin.swift in Sources */ = {isa = PBXBuildFile; fileRef = 3727E84C2B20A21B00AF9725 /* UIView+Pin.swift */; };
		3727E8502B20A50200AF9725 /* Event.swift in Sources */ = {isa = PBXBuildFile; fileRef = 3727E84F2B20A50200AF9725 /* Event.swift */; };
		3727E8542B20BCEB00AF9725 /* Event-extension.swift in Sources */ = {isa = PBXBuildFile; fileRef = 3727E8522B20BCEB00AF9725 /* Event-extension.swift */; };
/* End PBXBuildFile section */

/* Begin PBXFileReference section */
		121963882B3EC5CC00653114 /* Favias */ = {isa = PBXFileReference; lastKnownFileType = folder; name = Favias; sourceTree = "<group>"; };
		3727E8262B209A9300AF9725 /* MyEvent309.app */ = {isa = PBXFileReference; explicitFileType = wrapper.application; includeInIndex = 0; path = MyEvent309.app; sourceTree = BUILT_PRODUCTS_DIR; };
		3727E8292B209A9300AF9725 /* AppDelegate.swift */ = {isa = PBXFileReference; lastKnownFileType = sourcecode.swift; path = AppDelegate.swift; sourceTree = "<group>"; };
		3727E82B2B209A9300AF9725 /* SceneDelegate.swift */ = {isa = PBXFileReference; lastKnownFileType = sourcecode.swift; path = SceneDelegate.swift; sourceTree = "<group>"; };
		3727E82D2B209A9300AF9725 /* EventsVC.swift */ = {isa = PBXFileReference; lastKnownFileType = sourcecode.swift; path = EventsVC.swift; sourceTree = "<group>"; };
		3727E8332B209A9300AF9725 /* MyEvent309.xcdatamodel */ = {isa = PBXFileReference; lastKnownFileType = wrapper.xcdatamodel; path = MyEvent309.xcdatamodel; sourceTree = "<group>"; };
		3727E8352B209A9400AF9725 /* Assets.xcassets */ = {isa = PBXFileReference; lastKnownFileType = folder.assetcatalog; path = Assets.xcassets; sourceTree = "<group>"; };
		3727E8382B209A9400AF9725 /* Base */ = {isa = PBXFileReference; lastKnownFileType = file.storyboard; name = Base; path = Base.lproj/LaunchScreen.storyboard; sourceTree = "<group>"; };
		3727E83A2B209A9400AF9725 /* Info.plist */ = {isa = PBXFileReference; lastKnownFileType = text.plist.xml; path = Info.plist; sourceTree = "<group>"; };
		3727E8432B209CE700AF9725 /* EventDelegate.swift */ = {isa = PBXFileReference; lastKnownFileType = sourcecode.swift; path = EventDelegate.swift; sourceTree = "<group>"; };
		3727E8462B209D7A00AF9725 /* EditEventVC.swift */ = {isa = PBXFileReference; lastKnownFileType = sourcecode.swift; path = EditEventVC.swift; sourceTree = "<group>"; };
		3727E8492B209EF700AF9725 /* EventsTVCell.swift */ = {isa = PBXFileReference; lastKnownFileType = sourcecode.swift; path = EventsTVCell.swift; sourceTree = "<group>"; };
		3727E84C2B20A21B00AF9725 /* UIView+Pin.swift */ = {isa = PBXFileReference; fileEncoding = 4; lastKnownFileType = sourcecode.swift; path = "UIView+Pin.swift"; sourceTree = "<group>"; };
		3727E84F2B20A50200AF9725 /* Event.swift */ = {isa = PBXFileReference; lastKnownFileType = sourcecode.swift; path = Event.swift; sourceTree = "<group>"; };
		3727E8522B20BCEB00AF9725 /* Event-extension.swift */ = {isa = PBXFileReference; lastKnownFileType = sourcecode.swift; path = "Event-extension.swift"; sourceTree = "<group>"; };
/* End PBXFileReference section */

/* Begin PBXFrameworksBuildPhase section */
		3727E8232B209A9300AF9725 /* Frameworks */ = {
			isa = PBXFrameworksBuildPhase;
			buildActionMask = 2147483647;
			files = (
			);
			runOnlyForDeploymentPostprocessing = 0;
		};
/* End PBXFrameworksBuildPhase section */

/* Begin PBXGroup section */
		3727E81D2B209A9300AF9725 = {
			isa = PBXGroup;
			children = (
				3727E8282B209A9300AF9725 /* Favias */,
				3727E8272B209A9300AF9725 /* Products */,
			);
			sourceTree = "<group>";
		};
		3727E8272B209A9300AF9725 /* Products */ = {
			isa = PBXGroup;
			children = (
				3727E8262B209A9300AF9725 /* MyEvent309.app */,
			);
			name = Products;
			sourceTree = "<group>";
		};
		3727E8282B209A9300AF9725 /* Favias */ = {
			isa = PBXGroup;
			children = (
				121963882B3EC5CC00653114 /* Favias */,
				3727E84E2B20A4DE00AF9725 /* Models */,
				3727E84B2B20A1FC00AF9725 /* Extensions */,
				3727E8452B209D4D00AF9725 /* VCs */,
				3727E8412B209C9100AF9725 /* Protocols */,
				3727E8402B209AAA00AF9725 /* Application */,
				3727E83A2B209A9400AF9725 /* Info.plist */,
				3727E8322B209A9300AF9725 /* EventsCD.xcdatamodeld */,
			);
			path = Favias;
			sourceTree = "<group>";
		};
		3727E8402B209AAA00AF9725 /* Application */ = {
			isa = PBXGroup;
			children = (
				3727E8292B209A9300AF9725 /* AppDelegate.swift */,
				3727E82B2B209A9300AF9725 /* SceneDelegate.swift */,
				3727E8352B209A9400AF9725 /* Assets.xcassets */,
				3727E8372B209A9400AF9725 /* LaunchScreen.storyboard */,
			);
			path = Application;
			sourceTree = "<group>";
		};
		3727E8412B209C9100AF9725 /* Protocols */ = {
			isa = PBXGroup;
			children = (
				3727E8432B209CE700AF9725 /* EventDelegate.swift */,
			);
			path = Protocols;
			sourceTree = "<group>";
		};
		3727E8452B209D4D00AF9725 /* VCs */ = {
			isa = PBXGroup;
			children = (
				3727E8482B209EBF00AF9725 /* Cells */,
				3727E82D2B209A9300AF9725 /* EventsVC.swift */,
				3727E8462B209D7A00AF9725 /* EditEventVC.swift */,
			);
			path = VCs;
			sourceTree = "<group>";
		};
		3727E8482B209EBF00AF9725 /* Cells */ = {
			isa = PBXGroup;
			children = (
				3727E8492B209EF700AF9725 /* EventsTVCell.swift */,
			);
			path = Cells;
			sourceTree = "<group>";
		};
		3727E84B2B20A1FC00AF9725 /* Extensions */ = {
			isa = PBXGroup;
			children = (
				3727E84C2B20A21B00AF9725 /* UIView+Pin.swift */,
			);
			path = Extensions;
			sourceTree = "<group>";
		};
		3727E84E2B20A4DE00AF9725 /* Models */ = {
			isa = PBXGroup;
			children = (
				3727E84F2B20A50200AF9725 /* Event.swift */,
				3727E8522B20BCEB00AF9725 /* Event-extension.swift */,
			);
			path = Models;
			sourceTree = "<group>";
		};
/* End PBXGroup section */

/* Begin PBXNativeTarget section */
		3727E8252B209A9300AF9725 /* MyEvent309 */ = {
			isa = PBXNativeTarget;
			buildConfigurationList = 3727E83D2B209A9400AF9725 /* Build configuration list for PBXNativeTarget "MyEvent309" */;
			buildPhases = (
				3727E8222B209A9300AF9725 /* Sources */,
				3727E8232B209A9300AF9725 /* Frameworks */,
				3727E8242B209A9300AF9725 /* Resources */,
			);
			buildRules = (
			);
			dependencies = (
			);
			name = MyEvent309;
			productName = MyEvent309;
			productReference = 3727E8262B209A9300AF9725 /* MyEvent309.app */;
			productType = "com.apple.product-type.application";
		};
/* End PBXNativeTarget section */

/* Begin PBXProject section */
		3727E81E2B209A9300AF9725 /* Project object */ = {
			isa = PBXProject;
			attributes = {
				BuildIndependentTargetsInParallel = 1;
				LastSwiftUpdateCheck = 1430;
				LastUpgradeCheck = 1500;
				TargetAttributes = {
					3727E8252B209A9300AF9725 = {
						CreatedOnToolsVersion = 14.3;
					};
				};
			};
			buildConfigurationList = 3727E8212B209A9300AF9725 /* Build configuration list for PBXProject "FaviasIOS" */;
			compatibilityVersion = "Xcode 14.0";
			developmentRegion = en;
			hasScannedForEncodings = 0;
			knownRegions = (
				en,
				Base,
			);
			mainGroup = 3727E81D2B209A9300AF9725;
			productRefGroup = 3727E8272B209A9300AF9725 /* Products */;
			projectDirPath = "";
			projectRoot = "";
			targets = (
				3727E8252B209A9300AF9725 /* MyEvent309 */,
			);
		};
/* End PBXProject section */

/* Begin PBXResourcesBuildPhase section */
		3727E8242B209A9300AF9725 /* Resources */ = {
			isa = PBXResourcesBuildPhase;
			buildActionMask = 2147483647;
			files = (
				3727E8392B209A9400AF9725 /* LaunchScreen.storyboard in Resources */,
				3727E8362B209A9400AF9725 /* Assets.xcassets in Resources */,
			);
			runOnlyForDeploymentPostprocessing = 0;
		};
/* End PBXResourcesBuildPhase section */

/* Begin PBXSourcesBuildPhase section */
		3727E8222B209A9300AF9725 /* Sources */ = {
			isa = PBXSourcesBuildPhase;
			buildActionMask = 2147483647;
			files = (
				3727E8542B20BCEB00AF9725 /* Event-extension.swift in Sources */,
				3727E82E2B209A9300AF9725 /* EventsVC.swift in Sources */,
				3727E8502B20A50200AF9725 /* Event.swift in Sources */,
				3727E82A2B209A9300AF9725 /* AppDelegate.swift in Sources */,
				3727E8442B209CE700AF9725 /* EventDelegate.swift in Sources */,
				3727E82C2B209A9300AF9725 /* SceneDelegate.swift in Sources */,
				3727E8342B209A9300AF9725 /* EventsCD.xcdatamodeld in Sources */,
				3727E8472B209D7A00AF9725 /* EditEventVC.swift in Sources */,
				3727E84D2B20A21B00AF9725 /* UIView+Pin.swift in Sources */,
				3727E84A2B209EF700AF9725 /* EventsTVCell.swift in Sources */,
			);
			runOnlyForDeploymentPostprocessing = 0;
		};
/* End PBXSourcesBuildPhase section */

/* Begin PBXVariantGroup section */
		3727E8372B209A9400AF9725 /* LaunchScreen.storyboard */ = {
			isa = PBXVariantGroup;
			children = (
				3727E8382B209A9400AF9725 /* Base */,
			);
			name = LaunchScreen.storyboard;
			sourceTree = "<group>";
		};
/* End PBXVariantGroup section */

/* Begin XCBuildConfiguration section */
		3727E83B2B209A9400AF9725 /* Debug */ = {
			isa = XCBuildConfiguration;
			buildSettings = {
				ALWAYS_SEARCH_USER_PATHS = NO;
				CLANG_ANALYZER_NONNULL = YES;
				CLANG_ANALYZER_NUMBER_OBJECT_CONVERSION = YES_AGGRESSIVE;
				CLANG_CXX_LANGUAGE_STANDARD = "gnu++20";
				CLANG_ENABLE_MODULES = YES;
				CLANG_ENABLE_OBJC_ARC = YES;
				CLANG_ENABLE_OBJC_WEAK = YES;
				CLANG_WARN_BLOCK_CAPTURE_AUTORELEASING = YES;
				CLANG_WARN_BOOL_CONVERSION = YES;
				CLANG_WARN_COMMA = YES;
				CLANG_WARN_CONSTANT_CONVERSION = YES;
				CLANG_WARN_DEPRECATED_OBJC_IMPLEMENTATIONS = YES;
				CLANG_WARN_DIRECT_OBJC_ISA_USAGE = YES_ERROR;
				CLANG_WARN_DOCUMENTATION_COMMENTS = YES;
				CLANG_WARN_EMPTY_BODY = YES;
				CLANG_WARN_ENUM_CONVERSION = YES;
				CLANG_WARN_INFINITE_RECURSION = YES;
				CLANG_WARN_INT_CONVERSION = YES;
				CLANG_WARN_NON_LITERAL_NULL_CONVERSION = YES;
				CLANG_WARN_OBJC_IMPLICIT_RETAIN_SELF = YES;
				CLANG_WARN_OBJC_LITERAL_CONVERSION = YES;
				CLANG_WARN_OBJC_ROOT_CLASS = YES_ERROR;
				CLANG_WARN_QUOTED_INCLUDE_IN_FRAMEWORK_HEADER = YES;
				CLANG_WARN_RANGE_LOOP_ANALYSIS = YES;
				CLANG_WARN_STRICT_PROTOTYPES = YES;
				CLANG_WARN_SUSPICIOUS_MOVE = YES;
				CLANG_WARN_UNGUARDED_AVAILABILITY = YES_AGGRESSIVE;
				CLANG_WARN_UNREACHABLE_CODE = YES;
				CLANG_WARN__DUPLICATE_METHOD_MATCH = YES;
				COPY_PHASE_STRIP = NO;
				DEBUG_INFORMATION_FORMAT = dwarf;
				ENABLE_STRICT_OBJC_MSGSEND = YES;
				ENABLE_TESTABILITY = YES;
				ENABLE_USER_SCRIPT_SANDBOXING = YES;
				GCC_C_LANGUAGE_STANDARD = gnu11;
				GCC_DYNAMIC_NO_PIC = NO;
				GCC_NO_COMMON_BLOCKS = YES;
				GCC_OPTIMIZATION_LEVEL = 0;
				GCC_PREPROCESSOR_DEFINITIONS = (
					"DEBUG=1",
					"$(inherited)",
				);
				GCC_WARN_64_TO_32_BIT_CONVERSION = YES;
				GCC_WARN_ABOUT_RETURN_TYPE = YES_ERROR;
				GCC_WARN_UNDECLARED_SELECTOR = YES;
				GCC_WARN_UNINITIALIZED_AUTOS = YES_AGGRESSIVE;
				GCC_WARN_UNUSED_FUNCTION = YES;
				GCC_WARN_UNUSED_VARIABLE = YES;
				IPHONEOS_DEPLOYMENT_TARGET = 16.4;
				MTL_ENABLE_DEBUG_INFO = INCLUDE_SOURCE;
				MTL_FAST_MATH = YES;
				ONLY_ACTIVE_ARCH = YES;
				SDKROOT = iphoneos;
				SWIFT_ACTIVE_COMPILATION_CONDITIONS = DEBUG;
				SWIFT_OPTIMIZATION_LEVEL = "-Onone";
			};
			name = Debug;
		};
		3727E83C2B209A9400AF9725 /* Release */ = {
			isa = XCBuildConfiguration;
			buildSettings = {
				ALWAYS_SEARCH_USER_PATHS = NO;
				CLANG_ANALYZER_NONNULL = YES;
				CLANG_ANALYZER_NUMBER_OBJECT_CONVERSION = YES_AGGRESSIVE;
				CLANG_CXX_LANGUAGE_STANDARD = "gnu++20";
				CLANG_ENABLE_MODULES = YES;
				CLANG_ENABLE_OBJC_ARC = YES;
				CLANG_ENABLE_OBJC_WEAK = YES;
				CLANG_WARN_BLOCK_CAPTURE_AUTORELEASING = YES;
				CLANG_WARN_BOOL_CONVERSION = YES;
				CLANG_WARN_COMMA = YES;
				CLANG_WARN_CONSTANT_CONVERSION = YES;
				CLANG_WARN_DEPRECATED_OBJC_IMPLEMENTATIONS = YES;
				CLANG_WARN_DIRECT_OBJC_ISA_USAGE = YES_ERROR;
				CLANG_WARN_DOCUMENTATION_COMMENTS = YES;
				CLANG_WARN_EMPTY_BODY = YES;
				CLANG_WARN_ENUM_CONVERSION = YES;
				CLANG_WARN_INFINITE_RECURSION = YES;
				CLANG_WARN_INT_CONVERSION = YES;
				CLANG_WARN_NON_LITERAL_NULL_CONVERSION = YES;
				CLANG_WARN_OBJC_IMPLICIT_RETAIN_SELF = YES;
				CLANG_WARN_OBJC_LITERAL_CONVERSION = YES;
				CLANG_WARN_OBJC_ROOT_CLASS = YES_ERROR;
				CLANG_WARN_QUOTED_INCLUDE_IN_FRAMEWORK_HEADER = YES;
				CLANG_WARN_RANGE_LOOP_ANALYSIS = YES;
				CLANG_WARN_STRICT_PROTOTYPES = YES;
				CLANG_WARN_SUSPICIOUS_MOVE = YES;
				CLANG_WARN_UNGUARDED_AVAILABILITY = YES_AGGRESSIVE;
				CLANG_WARN_UNREACHABLE_CODE = YES;
				CLANG_WARN__DUPLICATE_METHOD_MATCH = YES;
				COPY_PHASE_STRIP = NO;
				DEBUG_INFORMATION_FORMAT = "dwarf-with-dsym";
				ENABLE_NS_ASSERTIONS = NO;
				ENABLE_STRICT_OBJC_MSGSEND = YES;
				ENABLE_USER_SCRIPT_SANDBOXING = YES;
				GCC_C_LANGUAGE_STANDARD = gnu11;
				GCC_NO_COMMON_BLOCKS = YES;
				GCC_WARN_64_TO_32_BIT_CONVERSION = YES;
				GCC_WARN_ABOUT_RETURN_TYPE = YES_ERROR;
				GCC_WARN_UNDECLARED_SELECTOR = YES;
				GCC_WARN_UNINITIALIZED_AUTOS = YES_AGGRESSIVE;
				GCC_WARN_UNUSED_FUNCTION = YES;
				GCC_WARN_UNUSED_VARIABLE = YES;
				IPHONEOS_DEPLOYMENT_TARGET = 16.4;
				MTL_ENABLE_DEBUG_INFO = NO;
				MTL_FAST_MATH = YES;
				SDKROOT = iphoneos;
				SWIFT_COMPILATION_MODE = wholemodule;
				SWIFT_OPTIMIZATION_LEVEL = "-O";
				VALIDATE_PRODUCT = YES;
			};
			name = Release;
		};
		3727E83E2B209A9400AF9725 /* Debug */ = {
			isa = XCBuildConfiguration;
			buildSettings = {
				ASSETCATALOG_COMPILER_APPICON_NAME = AppIcon;
				ASSETCATALOG_COMPILER_GLOBAL_ACCENT_COLOR_NAME = AccentColor;
				CODE_SIGN_STYLE = Automatic;
				CURRENT_PROJECT_VERSION = 1;
				DEVELOPMENT_TEAM = FUD5CPHJR9;
				GENERATE_INFOPLIST_FILE = YES;
				INFOPLIST_FILE = MyEvent309/Info.plist;
				INFOPLIST_KEY_UIApplicationSupportsIndirectInputEvents = YES;
				INFOPLIST_KEY_UILaunchStoryboardName = LaunchScreen;
				INFOPLIST_KEY_UIMainStoryboardFile = "";
				INFOPLIST_KEY_UISupportedInterfaceOrientations_iPad = "UIInterfaceOrientationPortrait UIInterfaceOrientationPortraitUpsideDown UIInterfaceOrientationLandscapeLeft UIInterfaceOrientationLandscapeRight";
				INFOPLIST_KEY_UISupportedInterfaceOrientations_iPhone = "UIInterfaceOrientationPortrait UIInterfaceOrientationLandscapeLeft UIInterfaceOrientationLandscapeRight";
				LD_RUNPATH_SEARCH_PATHS = (
					"$(inherited)",
					"@executable_path/Frameworks",
				);
				MARKETING_VERSION = 1.0;
				PRODUCT_BUNDLE_IDENTIFIER = su.brf.apps.MyEvent309;
				PRODUCT_NAME = "$(TARGET_NAME)";
				SWIFT_EMIT_LOC_STRINGS = YES;
				SWIFT_VERSION = 5.0;
				TARGETED_DEVICE_FAMILY = "1,2";
			};
			name = Debug;
		};
		3727E83F2B209A9400AF9725 /* Release */ = {
			isa = XCBuildConfiguration;
			buildSettings = {
				ASSETCATALOG_COMPILER_APPICON_NAME = AppIcon;
				ASSETCATALOG_COMPILER_GLOBAL_ACCENT_COLOR_NAME = AccentColor;
				CODE_SIGN_STYLE = Automatic;
				CURRENT_PROJECT_VERSION = 1;
				DEVELOPMENT_TEAM = FUD5CPHJR9;
				GENERATE_INFOPLIST_FILE = YES;
				INFOPLIST_FILE = MyEvent309/Info.plist;
				INFOPLIST_KEY_UIApplicationSupportsIndirectInputEvents = YES;
				INFOPLIST_KEY_UILaunchStoryboardName = LaunchScreen;
				INFOPLIST_KEY_UIMainStoryboardFile = "";
				INFOPLIST_KEY_UISupportedInterfaceOrientations_iPad = "UIInterfaceOrientationPortrait UIInterfaceOrientationPortraitUpsideDown UIInterfaceOrientationLandscapeLeft UIInterfaceOrientationLandscapeRight";
				INFOPLIST_KEY_UISupportedInterfaceOrientations_iPhone = "UIInterfaceOrientationPortrait UIInterfaceOrientationLandscapeLeft UIInterfaceOrientationLandscapeRight";
				LD_RUNPATH_SEARCH_PATHS = (
					"$(inherited)",
					"@executable_path/Frameworks",
				);
				MARKETING_VERSION = 1.0;
				PRODUCT_BUNDLE_IDENTIFIER = su.brf.apps.MyEvent309;
				PRODUCT_NAME = "$(TARGET_NAME)";
				SWIFT_EMIT_LOC_STRINGS = YES;
				SWIFT_VERSION = 5.0;
				TARGETED_DEVICE_FAMILY = "1,2";
			};
			name = Release;
		};
/* End XCBuildConfiguration section */

/* Begin XCConfigurationList section */
		3727E8212B209A9300AF9725 /* Build configuration list for PBXProject "FaviasIOS" */ = {
			isa = XCConfigurationList;
			buildConfigurations = (
				3727E83B2B209A9400AF9725 /* Debug */,
				3727E83C2B209A9400AF9725 /* Release */,
			);
			defaultConfigurationIsVisible = 0;
			defaultConfigurationName = Release;
		};
		3727E83D2B209A9400AF9725 /* Build configuration list for PBXNativeTarget "MyEvent309" */ = {
			isa = XCConfigurationList;
			buildConfigurations = (
				3727E83E2B209A9400AF9725 /* Debug */,
				3727E83F2B209A9400AF9725 /* Release */,
			);
			defaultConfigurationIsVisible = 0;
			defaultConfigurationName = Release;
		};
/* End XCConfigurationList section */

/* Begin XCVersionGroup section */
		3727E8322B209A9300AF9725 /* EventsCD.xcdatamodeld */ = {
			isa = XCVersionGroup;
			children = (
				3727E8332B209A9300AF9725 /* MyEvent309.xcdatamodel */,
			);
			currentVersion = 3727E8332B209A9300AF9725 /* MyEvent309.xcdatamodel */;
			path = EventsCD.xcdatamodeld;
			sourceTree = "<group>";
			versionGroupType = wrapper.xcdatamodel;
		};
/* End XCVersionGroup section */
	};
	rootObject = 3727E81E2B209A9300AF9725 /* Project object */;
}
